
Microsoft Visual Studio Solution File, Format Version 12.00
# Visual Studio Version 17
VisualStudioVersion = 17.14.36414.22 d17.14
MinimumVisualStudioVersion = 10.0.40219.1
Project("{FAE04EC0-301F-11D3-BF4B-00C04F79EFBC}") = "Find-AdminAccess", "Find-AdminAccess\Find-AdminAccess.csproj", "{E8903EA7-A545-43F8-8C53-37B98446DDEB}"
EndProject
Global
	GlobalSection(SolutionConfigurationPlatforms) = preSolution
		Debug|Any CPU = Debug|Any CPU
		Debug|x64 = Debug|x64
		Release|Any CPU = Release|Any CPU
		Release|x64 = Release|x64
	EndGlobalSection
	GlobalSection(ProjectConfigurationPlatforms) = postSolution
		{E8903EA7-A545-43F8-8C53-37B98446DDEB}.Debug|Any CPU.ActiveCfg = Debug|Any CPU
		{E8903EA7-A545-43F8-8C53-37B98446DDEB}.Debug|Any CPU.Build.0 = Debug|Any CPU
		{E8903EA7-A545-43F8-8C53-37B98446DDEB}.Debug|x64.ActiveCfg = Debug|x64
		{E8903EA7-A545-43F8-8C53-37B98446DDEB}.Debug|x64.Build.0 = Debug|x64
		{E8903EA7-A545-43F8-8C53-37B98446DDEB}.Release|Any CPU.ActiveCfg = Release|Any CPU
		{E8903EA7-A545-43F8-8C53-37B98446DDEB}.Release|Any CPU.Build.0 = Release|Any CPU
		{E8903EA7-A545-43F8-8C53-37B98446DDEB}.Release|x64.ActiveCfg = Release|x64
		{E8903EA7-A545-43F8-8C53-37B98446DDEB}.Release|x64.Build.0 = Release|x64
	EndGlobalSection
	GlobalSection(SolutionProperties) = preSolution
		HideSolutionNode = FALSE
	EndGlobalSection
	GlobalSection(ExtensibilityGlobals) = postSolution
		SolutionGuid = {6DFCB17D-B3C9-45AE-8E15-0B7F722D2328}
	EndGlobalSection
EndGlobal
